// !$*UTF8*$!
{
	archiveVersion = 1;
	classes = {
	};
	objectVersion = 56;
	objects = {

/* Begin PBXBuildFile section */
		B44AD8762C7739D000829F59 /* ImageLoader.swift in Sources */ = {isa = PBXBuildFile; fileRef = B44AD8752C7739D000829F59 /* ImageLoader.swift */; };
		B44AD8782C773A1800829F59 /* CachedAsyncImage.swift in Sources */ = {isa = PBXBuildFile; fileRef = B44AD8772C773A1800829F59 /* CachedAsyncImage.swift */; };
		B46E18552C6BB9250035CA74 /* National_Park_ServiceApp.swift in Sources */ = {isa = PBXBuildFile; fileRef = B46E18542C6BB9250035CA74 /* National_Park_ServiceApp.swift */; };
		B46E18572C6BB9250035CA74 /* ContentView.swift in Sources */ = {isa = PBXBuildFile; fileRef = B46E18562C6BB9250035CA74 /* ContentView.swift */; };
		B46E18592C6BB9260035CA74 /* Assets.xcassets in Resources */ = {isa = PBXBuildFile; fileRef = B46E18582C6BB9260035CA74 /* Assets.xcassets */; };
		B46E185C2C6BB9260035CA74 /* Preview Assets.xcassets in Resources */ = {isa = PBXBuildFile; fileRef = B46E185B2C6BB9260035CA74 /* Preview Assets.xcassets */; };
		B46E18662C6BB9260035CA74 /* National_Park_ServiceTests.swift in Sources */ = {isa = PBXBuildFile; fileRef = B46E18652C6BB9260035CA74 /* National_Park_ServiceTests.swift */; };
		B46E18702C6BB9260035CA74 /* National_Park_ServiceUITests.swift in Sources */ = {isa = PBXBuildFile; fileRef = B46E186F2C6BB9260035CA74 /* National_Park_ServiceUITests.swift */; };
		B46E18722C6BB9260035CA74 /* National_Park_ServiceUITestsLaunchTests.swift in Sources */ = {isa = PBXBuildFile; fileRef = B46E18712C6BB9260035CA74 /* National_Park_ServiceUITestsLaunchTests.swift */; };
		B4AB18B52C6CB1CA00567EEE /* HomeView.swift in Sources */ = {isa = PBXBuildFile; fileRef = B4AB18B42C6CB1CA00567EEE /* HomeView.swift */; };
		B4AB18B72C6CBE9000567EEE /* Config.swift in Sources */ = {isa = PBXBuildFile; fileRef = B4AB18B62C6CBE9000567EEE /* Config.swift */; };
		B4F449EE2C761840006B3D6B /* ParkCardItem.swift in Sources */ = {isa = PBXBuildFile; fileRef = B4F449ED2C761840006B3D6B /* ParkCardItem.swift */; };
		B4F449F22C761B77006B3D6B /* ModelData.swift in Sources */ = {isa = PBXBuildFile; fileRef = B4F449F12C761B77006B3D6B /* ModelData.swift */; };
		B4F449F52C761CBB006B3D6B /* ParkCardItemUI.swift in Sources */ = {isa = PBXBuildFile; fileRef = B4F449F42C761CBB006B3D6B /* ParkCardItemUI.swift */; };
		B4F449F72C762618006B3D6B /* park-data.json in Resources */ = {isa = PBXBuildFile; fileRef = B4F449F62C762618006B3D6B /* park-data.json */; };
		B4F449F92C763033006B3D6B /* ParkList.swift in Sources */ = {isa = PBXBuildFile; fileRef = B4F449F82C763033006B3D6B /* ParkList.swift */; };
		B4F449FB2C763335006B3D6B /* Extensions.swift in Sources */ = {isa = PBXBuildFile; fileRef = B4F449FA2C763335006B3D6B /* Extensions.swift */; };
/* End PBXBuildFile section */

/* Begin PBXContainerItemProxy section */
		B46E18622C6BB9260035CA74 /* PBXContainerItemProxy */ = {
			isa = PBXContainerItemProxy;
			containerPortal = B46E18492C6BB9250035CA74 /* Project object */;
			proxyType = 1;
			remoteGlobalIDString = B46E18502C6BB9250035CA74;
			remoteInfo = "National Park Service";
		};
		B46E186C2C6BB9260035CA74 /* PBXContainerItemProxy */ = {
			isa = PBXContainerItemProxy;
			containerPortal = B46E18492C6BB9250035CA74 /* Project object */;
			proxyType = 1;
			remoteGlobalIDString = B46E18502C6BB9250035CA74;
			remoteInfo = "National Park Service";
		};
/* End PBXContainerItemProxy section */

/* Begin PBXFileReference section */
		B44AD8752C7739D000829F59 /* ImageLoader.swift */ = {isa = PBXFileReference; lastKnownFileType = sourcecode.swift; path = ImageLoader.swift; sourceTree = "<group>"; };
		B44AD8772C773A1800829F59 /* CachedAsyncImage.swift */ = {isa = PBXFileReference; lastKnownFileType = sourcecode.swift; path = CachedAsyncImage.swift; sourceTree = "<group>"; };
		B46E18512C6BB9250035CA74 /* National Park Service.app */ = {isa = PBXFileReference; explicitFileType = wrapper.application; includeInIndex = 0; path = "National Park Service.app"; sourceTree = BUILT_PRODUCTS_DIR; };
		B46E18542C6BB9250035CA74 /* National_Park_ServiceApp.swift */ = {isa = PBXFileReference; lastKnownFileType = sourcecode.swift; path = National_Park_ServiceApp.swift; sourceTree = "<group>"; };
		B46E18562C6BB9250035CA74 /* ContentView.swift */ = {isa = PBXFileReference; lastKnownFileType = sourcecode.swift; path = ContentView.swift; sourceTree = "<group>"; };
		B46E18582C6BB9260035CA74 /* Assets.xcassets */ = {isa = PBXFileReference; lastKnownFileType = folder.assetcatalog; path = Assets.xcassets; sourceTree = "<group>"; };
		B46E185B2C6BB9260035CA74 /* Preview Assets.xcassets */ = {isa = PBXFileReference; lastKnownFileType = folder.assetcatalog; path = "Preview Assets.xcassets"; sourceTree = "<group>"; };
		B46E18612C6BB9260035CA74 /* National Park ServiceTests.xctest */ = {isa = PBXFileReference; explicitFileType = wrapper.cfbundle; includeInIndex = 0; path = "National Park ServiceTests.xctest"; sourceTree = BUILT_PRODUCTS_DIR; };
		B46E18652C6BB9260035CA74 /* National_Park_ServiceTests.swift */ = {isa = PBXFileReference; lastKnownFileType = sourcecode.swift; path = National_Park_ServiceTests.swift; sourceTree = "<group>"; };
		B46E186B2C6BB9260035CA74 /* National Park ServiceUITests.xctest */ = {isa = PBXFileReference; explicitFileType = wrapper.cfbundle; includeInIndex = 0; path = "National Park ServiceUITests.xctest"; sourceTree = BUILT_PRODUCTS_DIR; };
		B46E186F2C6BB9260035CA74 /* National_Park_ServiceUITests.swift */ = {isa = PBXFileReference; lastKnownFileType = sourcecode.swift; path = National_Park_ServiceUITests.swift; sourceTree = "<group>"; };
		B46E18712C6BB9260035CA74 /* National_Park_ServiceUITestsLaunchTests.swift */ = {isa = PBXFileReference; lastKnownFileType = sourcecode.swift; path = National_Park_ServiceUITestsLaunchTests.swift; sourceTree = "<group>"; };
		B4AB18B42C6CB1CA00567EEE /* HomeView.swift */ = {isa = PBXFileReference; lastKnownFileType = sourcecode.swift; path = HomeView.swift; sourceTree = "<group>"; };
		B4AB18B62C6CBE9000567EEE /* Config.swift */ = {isa = PBXFileReference; lastKnownFileType = sourcecode.swift; path = Config.swift; sourceTree = "<group>"; };
		B4F449ED2C761840006B3D6B /* ParkCardItem.swift */ = {isa = PBXFileReference; lastKnownFileType = sourcecode.swift; path = ParkCardItem.swift; sourceTree = "<group>"; };
		B4F449F12C761B77006B3D6B /* ModelData.swift */ = {isa = PBXFileReference; lastKnownFileType = sourcecode.swift; path = ModelData.swift; sourceTree = "<group>"; };
		B4F449F42C761CBB006B3D6B /* ParkCardItemUI.swift */ = {isa = PBXFileReference; lastKnownFileType = sourcecode.swift; path = ParkCardItemUI.swift; sourceTree = "<group>"; };
		B4F449F62C762618006B3D6B /* park-data.json */ = {isa = PBXFileReference; fileEncoding = 4; lastKnownFileType = text.json; name = "park-data.json"; path = "../../../../Desktop/park-data.json"; sourceTree = "<group>"; };
		B4F449F82C763033006B3D6B /* ParkList.swift */ = {isa = PBXFileReference; lastKnownFileType = sourcecode.swift; path = ParkList.swift; sourceTree = "<group>"; };
		B4F449FA2C763335006B3D6B /* Extensions.swift */ = {isa = PBXFileReference; lastKnownFileType = sourcecode.swift; path = Extensions.swift; sourceTree = "<group>"; };
/* End PBXFileReference section */

/* Begin PBXFrameworksBuildPhase section */
		B46E184E2C6BB9250035CA74 /* Frameworks */ = {
			isa = PBXFrameworksBuildPhase;
			buildActionMask = 2147483647;
			files = (
			);
			runOnlyForDeploymentPostprocessing = 0;
		};
		B46E185E2C6BB9260035CA74 /* Frameworks */ = {
			isa = PBXFrameworksBuildPhase;
			buildActionMask = 2147483647;
			files = (
			);
			runOnlyForDeploymentPostprocessing = 0;
		};
		B46E18682C6BB9260035CA74 /* Frameworks */ = {
			isa = PBXFrameworksBuildPhase;
			buildActionMask = 2147483647;
			files = (
			);
			runOnlyForDeploymentPostprocessing = 0;
		};
/* End PBXFrameworksBuildPhase section */

/* Begin PBXGroup section */
		B46E18482C6BB9250035CA74 = {
			isa = PBXGroup;
			children = (
				B4F449F62C762618006B3D6B /* park-data.json */,
				B46E18532C6BB9250035CA74 /* National Park Service */,
				B46E18642C6BB9260035CA74 /* National Park ServiceTests */,
				B46E186E2C6BB9260035CA74 /* National Park ServiceUITests */,
				B46E18522C6BB9250035CA74 /* Products */,
			);
			sourceTree = "<group>";
		};
		B46E18522C6BB9250035CA74 /* Products */ = {
			isa = PBXGroup;
			children = (
				B46E18512C6BB9250035CA74 /* National Park Service.app */,
				B46E18612C6BB9260035CA74 /* National Park ServiceTests.xctest */,
				B46E186B2C6BB9260035CA74 /* National Park ServiceUITests.xctest */,
			);
			name = Products;
			sourceTree = "<group>";
		};
		B46E18532C6BB9250035CA74 /* National Park Service */ = {
			isa = PBXGroup;
			children = (
				B46E18872C6BBAE30035CA74 /* Resources */,
				B46E18862C6BBAD70035CA74 /* Config */,
				B46E187E2C6BBA2F0035CA74 /* Code */,
				B46E18542C6BB9250035CA74 /* National_Park_ServiceApp.swift */,
				B46E18562C6BB9250035CA74 /* ContentView.swift */,
				B46E18582C6BB9260035CA74 /* Assets.xcassets */,
				B46E185A2C6BB9260035CA74 /* Preview Content */,
			);
			path = "National Park Service";
			sourceTree = "<group>";
		};
		B46E185A2C6BB9260035CA74 /* Preview Content */ = {
			isa = PBXGroup;
			children = (
				B46E185B2C6BB9260035CA74 /* Preview Assets.xcassets */,
			);
			path = "Preview Content";
			sourceTree = "<group>";
		};
		B46E18642C6BB9260035CA74 /* National Park ServiceTests */ = {
			isa = PBXGroup;
			children = (
				B46E18652C6BB9260035CA74 /* National_Park_ServiceTests.swift */,
			);
			path = "National Park ServiceTests";
			sourceTree = "<group>";
		};
		B46E186E2C6BB9260035CA74 /* National Park ServiceUITests */ = {
			isa = PBXGroup;
			children = (
				B46E186F2C6BB9260035CA74 /* National_Park_ServiceUITests.swift */,
				B46E18712C6BB9260035CA74 /* National_Park_ServiceUITestsLaunchTests.swift */,
			);
			path = "National Park ServiceUITests";
			sourceTree = "<group>";
		};
		B46E187E2C6BBA2F0035CA74 /* Code */ = {
			isa = PBXGroup;
			children = (
				B4AB18B82C6D23F300567EEE /* Components */,
				B46E18852C6BBAA30035CA74 /* Utilities */,
				B46E18842C6BBA9A0035CA74 /* Features */,
			);
			path = Code;
			sourceTree = "<group>";
		};
		B46E187F2C6BBA3C0035CA74 /* Home */ = {
			isa = PBXGroup;
			children = (
				B4F449F32C761C89006B3D6B /* Components */,
				B4AB18B22C6CB18900567EEE /* Model */,
				B4AB18B12C6CB18100567EEE /* ViewModel */,
				B4AB18B02C6CB17A00567EEE /* View */,
			);
			path = Home;
			sourceTree = "<group>";
		};
		B46E18802C6BBA440035CA74 /* Find */ = {
			isa = PBXGroup;
			children = (
			);
			path = Find;
			sourceTree = "<group>";
		};
		B46E18812C6BBA5E0035CA74 /* Detail */ = {
			isa = PBXGroup;
			children = (
			);
			path = Detail;
			sourceTree = "<group>";
		};
		B46E18822C6BBA650035CA74 /* Settings */ = {
			isa = PBXGroup;
			children = (
			);
			path = Settings;
			sourceTree = "<group>";
		};
		B46E18832C6BBA870035CA74 /* Common */ = {
			isa = PBXGroup;
			children = (
			);
			path = Common;
			sourceTree = "<group>";
		};
		B46E18842C6BBA9A0035CA74 /* Features */ = {
			isa = PBXGroup;
			children = (
				B46E18832C6BBA870035CA74 /* Common */,
				B46E18822C6BBA650035CA74 /* Settings */,
				B46E18812C6BBA5E0035CA74 /* Detail */,
				B46E18802C6BBA440035CA74 /* Find */,
				B46E187F2C6BBA3C0035CA74 /* Home */,
			);
			path = Features;
			sourceTree = "<group>";
		};
		B46E18852C6BBAA30035CA74 /* Utilities */ = {
			isa = PBXGroup;
			children = (
				B4F449FA2C763335006B3D6B /* Extensions.swift */,
				B44AD8752C7739D000829F59 /* ImageLoader.swift */,
			);
			path = Utilities;
			sourceTree = "<group>";
		};
		B46E18862C6BBAD70035CA74 /* Config */ = {
			isa = PBXGroup;
			children = (
				B4AB18B62C6CBE9000567EEE /* Config.swift */,
			);
			path = Config;
			sourceTree = "<group>";
		};
		B46E18872C6BBAE30035CA74 /* Resources */ = {
			isa = PBXGroup;
			children = (
			);
			path = Resources;
			sourceTree = "<group>";
		};
		B4AB18B02C6CB17A00567EEE /* View */ = {
			isa = PBXGroup;
			children = (
				B4AB18B42C6CB1CA00567EEE /* HomeView.swift */,
			);
			path = View;
			sourceTree = "<group>";
		};
		B4AB18B12C6CB18100567EEE /* ViewModel */ = {
			isa = PBXGroup;
			children = (
			);
			path = ViewModel;
			sourceTree = "<group>";
		};
		B4AB18B22C6CB18900567EEE /* Model */ = {
			isa = PBXGroup;
			children = (
				B4F449F12C761B77006B3D6B /* ModelData.swift */,
				B4F449ED2C761840006B3D6B /* ParkCardItem.swift */,
			);
			path = Model;
			sourceTree = "<group>";
		};
		B4AB18B82C6D23F300567EEE /* Components */ = {
			isa = PBXGroup;
			children = (
				B44AD8772C773A1800829F59 /* CachedAsyncImage.swift */,
			);
			path = Components;
			sourceTree = "<group>";
		};
		B4F449F32C761C89006B3D6B /* Components */ = {
			isa = PBXGroup;
			children = (
				B4F449F42C761CBB006B3D6B /* ParkCardItemUI.swift */,
				B4F449F82C763033006B3D6B /* ParkList.swift */,
			);
			path = Components;
			sourceTree = "<group>";
		};
/* End PBXGroup section */

/* Begin PBXNativeTarget section */
		B46E18502C6BB9250035CA74 /* National Park Service */ = {
			isa = PBXNativeTarget;
			buildConfigurationList = B46E18752C6BB9260035CA74 /* Build configuration list for PBXNativeTarget "National Park Service" */;
			buildPhases = (
				B46E184D2C6BB9250035CA74 /* Sources */,
				B46E184E2C6BB9250035CA74 /* Frameworks */,
				B46E184F2C6BB9250035CA74 /* Resources */,
			);
			buildRules = (
			);
			dependencies = (
			);
			name = "National Park Service";
			productName = "National Park Service";
			productReference = B46E18512C6BB9250035CA74 /* National Park Service.app */;
			productType = "com.apple.product-type.application";
		};
		B46E18602C6BB9260035CA74 /* National Park ServiceTests */ = {
			isa = PBXNativeTarget;
			buildConfigurationList = B46E18782C6BB9260035CA74 /* Build configuration list for PBXNativeTarget "National Park ServiceTests" */;
			buildPhases = (
				B46E185D2C6BB9260035CA74 /* Sources */,
				B46E185E2C6BB9260035CA74 /* Frameworks */,
				B46E185F2C6BB9260035CA74 /* Resources */,
			);
			buildRules = (
			);
			dependencies = (
				B46E18632C6BB9260035CA74 /* PBXTargetDependency */,
			);
			name = "National Park ServiceTests";
			productName = "National Park ServiceTests";
			productReference = B46E18612C6BB9260035CA74 /* National Park ServiceTests.xctest */;
			productType = "com.apple.product-type.bundle.unit-test";
		};
		B46E186A2C6BB9260035CA74 /* National Park ServiceUITests */ = {
			isa = PBXNativeTarget;
			buildConfigurationList = B46E187B2C6BB9260035CA74 /* Build configuration list for PBXNativeTarget "National Park ServiceUITests" */;
			buildPhases = (
				B46E18672C6BB9260035CA74 /* Sources */,
				B46E18682C6BB9260035CA74 /* Frameworks */,
				B46E18692C6BB9260035CA74 /* Resources */,
			);
			buildRules = (
			);
			dependencies = (
				B46E186D2C6BB9260035CA74 /* PBXTargetDependency */,
			);
			name = "National Park ServiceUITests";
			productName = "National Park ServiceUITests";
			productReference = B46E186B2C6BB9260035CA74 /* National Park ServiceUITests.xctest */;
			productType = "com.apple.product-type.bundle.ui-testing";
		};
/* End PBXNativeTarget section */

/* Begin PBXProject section */
		B46E18492C6BB9250035CA74 /* Project object */ = {
			isa = PBXProject;
			attributes = {
				BuildIndependentTargetsInParallel = 1;
				LastSwiftUpdateCheck = 1520;
				LastUpgradeCheck = 1520;
				TargetAttributes = {
					B46E18502C6BB9250035CA74 = {
						CreatedOnToolsVersion = 15.2;
					};
					B46E18602C6BB9260035CA74 = {
						CreatedOnToolsVersion = 15.2;
						TestTargetID = B46E18502C6BB9250035CA74;
					};
					B46E186A2C6BB9260035CA74 = {
						CreatedOnToolsVersion = 15.2;
						TestTargetID = B46E18502C6BB9250035CA74;
					};
				};
			};
			buildConfigurationList = B46E184C2C6BB9250035CA74 /* Build configuration list for PBXProject "National Park Service" */;
			compatibilityVersion = "Xcode 14.0";
			developmentRegion = en;
			hasScannedForEncodings = 0;
			knownRegions = (
				en,
				Base,
			);
			mainGroup = B46E18482C6BB9250035CA74;
			productRefGroup = B46E18522C6BB9250035CA74 /* Products */;
			projectDirPath = "";
			projectRoot = "";
			targets = (
				B46E18502C6BB9250035CA74 /* National Park Service */,
				B46E18602C6BB9260035CA74 /* National Park ServiceTests */,
				B46E186A2C6BB9260035CA74 /* National Park ServiceUITests */,
			);
		};
/* End PBXProject section */

/* Begin PBXResourcesBuildPhase section */
		B46E184F2C6BB9250035CA74 /* Resources */ = {
			isa = PBXResourcesBuildPhase;
			buildActionMask = 2147483647;
			files = (
				B4F449F72C762618006B3D6B /* park-data.json in Resources */,
				B46E185C2C6BB9260035CA74 /* Preview Assets.xcassets in Resources */,
				B46E18592C6BB9260035CA74 /* Assets.xcassets in Resources */,
			);
			runOnlyForDeploymentPostprocessing = 0;
		};
		B46E185F2C6BB9260035CA74 /* Resources */ = {
			isa = PBXResourcesBuildPhase;
			buildActionMask = 2147483647;
			files = (
			);
			runOnlyForDeploymentPostprocessing = 0;
		};
		B46E18692C6BB9260035CA74 /* Resources */ = {
			isa = PBXResourcesBuildPhase;
			buildActionMask = 2147483647;
			files = (
			);
			runOnlyForDeploymentPostprocessing = 0;
		};
/* End PBXResourcesBuildPhase section */

/* Begin PBXSourcesBuildPhase section */
		B46E184D2C6BB9250035CA74 /* Sources */ = {
			isa = PBXSourcesBuildPhase;
			buildActionMask = 2147483647;
			files = (
				B4AB18B52C6CB1CA00567EEE /* HomeView.swift in Sources */,
				B4AB18B72C6CBE9000567EEE /* Config.swift in Sources */,
				B46E18572C6BB9250035CA74 /* ContentView.swift in Sources */,
				B4F449F92C763033006B3D6B /* ParkList.swift in Sources */,
				B44AD8762C7739D000829F59 /* ImageLoader.swift in Sources */,
				B4F449FB2C763335006B3D6B /* Extensions.swift in Sources */,
				B44AD8782C773A1800829F59 /* CachedAsyncImage.swift in Sources */,
				B4F449F22C761B77006B3D6B /* ModelData.swift in Sources */,
				B4F449F52C761CBB006B3D6B /* ParkCardItemUI.swift in Sources */,
				B4F449EE2C761840006B3D6B /* ParkCardItem.swift in Sources */,
				B46E18552C6BB9250035CA74 /* National_Park_ServiceApp.swift in Sources */,
			);
			runOnlyForDeploymentPostprocessing = 0;
		};
		B46E185D2C6BB9260035CA74 /* Sources */ = {
			isa = PBXSourcesBuildPhase;
			buildActionMask = 2147483647;
			files = (
				B46E18662C6BB9260035CA74 /* National_Park_ServiceTests.swift in Sources */,
			);
			runOnlyForDeploymentPostprocessing = 0;
		};
		B46E18672C6BB9260035CA74 /* Sources */ = {
			isa = PBXSourcesBuildPhase;
			buildActionMask = 2147483647;
			files = (
				B46E18722C6BB9260035CA74 /* National_Park_ServiceUITestsLaunchTests.swift in Sources */,
				B46E18702C6BB9260035CA74 /* National_Park_ServiceUITests.swift in Sources */,
			);
			runOnlyForDeploymentPostprocessing = 0;
		};
/* End PBXSourcesBuildPhase section */

/* Begin PBXTargetDependency section */
		B46E18632C6BB9260035CA74 /* PBXTargetDependency */ = {
			isa = PBXTargetDependency;
			target = B46E18502C6BB9250035CA74 /* National Park Service */;
			targetProxy = B46E18622C6BB9260035CA74 /* PBXContainerItemProxy */;
		};
		B46E186D2C6BB9260035CA74 /* PBXTargetDependency */ = {
			isa = PBXTargetDependency;
			target = B46E18502C6BB9250035CA74 /* National Park Service */;
			targetProxy = B46E186C2C6BB9260035CA74 /* PBXContainerItemProxy */;
		};
/* End PBXTargetDependency section */

/* Begin XCBuildConfiguration section */
		B46E18732C6BB9260035CA74 /* Debug */ = {
			isa = XCBuildConfiguration;
			buildSettings = {
				ALWAYS_SEARCH_USER_PATHS = NO;
				ASSETCATALOG_COMPILER_GENERATE_SWIFT_ASSET_SYMBOL_EXTENSIONS = YES;
				CLANG_ANALYZER_NONNULL = YES;
				CLANG_ANALYZER_NUMBER_OBJECT_CONVERSION = YES_AGGRESSIVE;
				CLANG_CXX_LANGUAGE_STANDARD = "gnu++20";
				CLANG_ENABLE_MODULES = YES;
				CLANG_ENABLE_OBJC_ARC = YES;
				CLANG_ENABLE_OBJC_WEAK = YES;
				CLANG_WARN_BLOCK_CAPTURE_AUTORELEASING = YES;
				CLANG_WARN_BOOL_CONVERSION = YES;
				CLANG_WARN_COMMA = YES;
				CLANG_WARN_CONSTANT_CONVERSION = YES;
				CLANG_WARN_DEPRECATED_OBJC_IMPLEMENTATIONS = YES;
				CLANG_WARN_DIRECT_OBJC_ISA_USAGE = YES_ERROR;
				CLANG_WARN_DOCUMENTATION_COMMENTS = YES;
				CLANG_WARN_EMPTY_BODY = YES;
				CLANG_WARN_ENUM_CONVERSION = YES;
				CLANG_WARN_INFINITE_RECURSION = YES;
				CLANG_WARN_INT_CONVERSION = YES;
				CLANG_WARN_NON_LITERAL_NULL_CONVERSION = YES;
				CLANG_WARN_OBJC_IMPLICIT_RETAIN_SELF = YES;
				CLANG_WARN_OBJC_LITERAL_CONVERSION = YES;
				CLANG_WARN_OBJC_ROOT_CLASS = YES_ERROR;
				CLANG_WARN_QUOTED_INCLUDE_IN_FRAMEWORK_HEADER = YES;
				CLANG_WARN_RANGE_LOOP_ANALYSIS = YES;
				CLANG_WARN_STRICT_PROTOTYPES = YES;
				CLANG_WARN_SUSPICIOUS_MOVE = YES;
				CLANG_WARN_UNGUARDED_AVAILABILITY = YES_AGGRESSIVE;
				CLANG_WARN_UNREACHABLE_CODE = YES;
				CLANG_WARN__DUPLICATE_METHOD_MATCH = YES;
				COPY_PHASE_STRIP = NO;
				DEBUG_INFORMATION_FORMAT = dwarf;
				ENABLE_STRICT_OBJC_MSGSEND = YES;
				ENABLE_TESTABILITY = YES;
				ENABLE_USER_SCRIPT_SANDBOXING = YES;
				GCC_C_LANGUAGE_STANDARD = gnu17;
				GCC_DYNAMIC_NO_PIC = NO;
				GCC_NO_COMMON_BLOCKS = YES;
				GCC_OPTIMIZATION_LEVEL = 0;
				GCC_PREPROCESSOR_DEFINITIONS = (
					"DEBUG=1",
					"$(inherited)",
				);
				GCC_WARN_64_TO_32_BIT_CONVERSION = YES;
				GCC_WARN_ABOUT_RETURN_TYPE = YES_ERROR;
				GCC_WARN_UNDECLARED_SELECTOR = YES;
				GCC_WARN_UNINITIALIZED_AUTOS = YES_AGGRESSIVE;
				GCC_WARN_UNUSED_FUNCTION = YES;
				GCC_WARN_UNUSED_VARIABLE = YES;
				IPHONEOS_DEPLOYMENT_TARGET = 17.2;
				LOCALIZATION_PREFERS_STRING_CATALOGS = YES;
				MTL_ENABLE_DEBUG_INFO = INCLUDE_SOURCE;
				MTL_FAST_MATH = YES;
				ONLY_ACTIVE_ARCH = YES;
				SDKROOT = iphoneos;
				SWIFT_ACTIVE_COMPILATION_CONDITIONS = "DEBUG $(inherited)";
				SWIFT_OPTIMIZATION_LEVEL = "-Onone";
			};
			name = Debug;
		};
		B46E18742C6BB9260035CA74 /* Release */ = {
			isa = XCBuildConfiguration;
			buildSettings = {
				ALWAYS_SEARCH_USER_PATHS = NO;
				ASSETCATALOG_COMPILER_GENERATE_SWIFT_ASSET_SYMBOL_EXTENSIONS = YES;
				CLANG_ANALYZER_NONNULL = YES;
				CLANG_ANALYZER_NUMBER_OBJECT_CONVERSION = YES_AGGRESSIVE;
				CLANG_CXX_LANGUAGE_STANDARD = "gnu++20";
				CLANG_ENABLE_MODULES = YES;
				CLANG_ENABLE_OBJC_ARC = YES;
				CLANG_ENABLE_OBJC_WEAK = YES;
				CLANG_WARN_BLOCK_CAPTURE_AUTORELEASING = YES;
				CLANG_WARN_BOOL_CONVERSION = YES;
				CLANG_WARN_COMMA = YES;
				CLANG_WARN_CONSTANT_CONVERSION = YES;
				CLANG_WARN_DEPRECATED_OBJC_IMPLEMENTATIONS = YES;
				CLANG_WARN_DIRECT_OBJC_ISA_USAGE = YES_ERROR;
				CLANG_WARN_DOCUMENTATION_COMMENTS = YES;
				CLANG_WARN_EMPTY_BODY = YES;
				CLANG_WARN_ENUM_CONVERSION = YES;
				CLANG_WARN_INFINITE_RECURSION = YES;
				CLANG_WARN_INT_CONVERSION = YES;
				CLANG_WARN_NON_LITERAL_NULL_CONVERSION = YES;
				CLANG_WARN_OBJC_IMPLICIT_RETAIN_SELF = YES;
				CLANG_WARN_OBJC_LITERAL_CONVERSION = YES;
				CLANG_WARN_OBJC_ROOT_CLASS = YES_ERROR;
				CLANG_WARN_QUOTED_INCLUDE_IN_FRAMEWORK_HEADER = YES;
				CLANG_WARN_RANGE_LOOP_ANALYSIS = YES;
				CLANG_WARN_STRICT_PROTOTYPES = YES;
				CLANG_WARN_SUSPICIOUS_MOVE = YES;
				CLANG_WARN_UNGUARDED_AVAILABILITY = YES_AGGRESSIVE;
				CLANG_WARN_UNREACHABLE_CODE = YES;
				CLANG_WARN__DUPLICATE_METHOD_MATCH = YES;
				COPY_PHASE_STRIP = NO;
				DEBUG_INFORMATION_FORMAT = "dwarf-with-dsym";
				ENABLE_NS_ASSERTIONS = NO;
				ENABLE_STRICT_OBJC_MSGSEND = YES;
				ENABLE_USER_SCRIPT_SANDBOXING = YES;
				GCC_C_LANGUAGE_STANDARD = gnu17;
				GCC_NO_COMMON_BLOCKS = YES;
				GCC_WARN_64_TO_32_BIT_CONVERSION = YES;
				GCC_WARN_ABOUT_RETURN_TYPE = YES_ERROR;
				GCC_WARN_UNDECLARED_SELECTOR = YES;
				GCC_WARN_UNINITIALIZED_AUTOS = YES_AGGRESSIVE;
				GCC_WARN_UNUSED_FUNCTION = YES;
				GCC_WARN_UNUSED_VARIABLE = YES;
				IPHONEOS_DEPLOYMENT_TARGET = 17.2;
				LOCALIZATION_PREFERS_STRING_CATALOGS = YES;
				MTL_ENABLE_DEBUG_INFO = NO;
				MTL_FAST_MATH = YES;
				SDKROOT = iphoneos;
				SWIFT_COMPILATION_MODE = wholemodule;
				VALIDATE_PRODUCT = YES;
			};
			name = Release;
		};
		B46E18762C6BB9260035CA74 /* Debug */ = {
			isa = XCBuildConfiguration;
			buildSettings = {
				ASSETCATALOG_COMPILER_APPICON_NAME = AppIcon;
				ASSETCATALOG_COMPILER_GLOBAL_ACCENT_COLOR_NAME = AccentColor;
				CODE_SIGN_STYLE = Automatic;
				CURRENT_PROJECT_VERSION = 1;
				DEVELOPMENT_ASSET_PATHS = "\"National Park Service/Preview Content\"";
				DEVELOPMENT_TEAM = 4U7GZLK253;
				ENABLE_PREVIEWS = YES;
				GENERATE_INFOPLIST_FILE = YES;
				INFOPLIST_KEY_UIApplicationSceneManifest_Generation = YES;
				INFOPLIST_KEY_UIApplicationSupportsIndirectInputEvents = YES;
				INFOPLIST_KEY_UILaunchScreen_Generation = YES;
				INFOPLIST_KEY_UISupportedInterfaceOrientations_iPad = "UIInterfaceOrientationPortrait UIInterfaceOrientationPortraitUpsideDown UIInterfaceOrientationLandscapeLeft UIInterfaceOrientationLandscapeRight";
				INFOPLIST_KEY_UISupportedInterfaceOrientations_iPhone = "UIInterfaceOrientationPortrait UIInterfaceOrientationLandscapeLeft UIInterfaceOrientationLandscapeRight";
				LD_RUNPATH_SEARCH_PATHS = (
					"$(inherited)",
					"@executable_path/Frameworks",
				);
				MARKETING_VERSION = 1.0;
				PRODUCT_BUNDLE_IDENTIFIER = "lorenzopant.National-Park-Service";
				PRODUCT_NAME = "$(TARGET_NAME)";
				SWIFT_EMIT_LOC_STRINGS = YES;
				SWIFT_VERSION = 5.0;
				TARGETED_DEVICE_FAMILY = "1,2";
			};
			name = Debug;
		};
		B46E18772C6BB9260035CA74 /* Release */ = {
			isa = XCBuildConfiguration;
			buildSettings = {
				ASSETCATALOG_COMPILER_APPICON_NAME = AppIcon;
				ASSETCATALOG_COMPILER_GLOBAL_ACCENT_COLOR_NAME = AccentColor;
				CODE_SIGN_STYLE = Automatic;
				CURRENT_PROJECT_VERSION = 1;
				DEVELOPMENT_ASSET_PATHS = "\"National Park Service/Preview Content\"";
				DEVELOPMENT_TEAM = 4U7GZLK253;
				ENABLE_PREVIEWS = YES;
				GENERATE_INFOPLIST_FILE = YES;
				INFOPLIST_KEY_UIApplicationSceneManifest_Generation = YES;
				INFOPLIST_KEY_UIApplicationSupportsIndirectInputEvents = YES;
				INFOPLIST_KEY_UILaunchScreen_Generation = YES;
				INFOPLIST_KEY_UISupportedInterfaceOrientations_iPad = "UIInterfaceOrientationPortrait UIInterfaceOrientationPortraitUpsideDown UIInterfaceOrientationLandscapeLeft UIInterfaceOrientationLandscapeRight";
				INFOPLIST_KEY_UISupportedInterfaceOrientations_iPhone = "UIInterfaceOrientationPortrait UIInterfaceOrientationLandscapeLeft UIInterfaceOrientationLandscapeRight";
				LD_RUNPATH_SEARCH_PATHS = (
					"$(inherited)",
					"@executable_path/Frameworks",
				);
				MARKETING_VERSION = 1.0;
				PRODUCT_BUNDLE_IDENTIFIER = "lorenzopant.National-Park-Service";
				PRODUCT_NAME = "$(TARGET_NAME)";
				SWIFT_EMIT_LOC_STRINGS = YES;
				SWIFT_VERSION = 5.0;
				TARGETED_DEVICE_FAMILY = "1,2";
			};
			name = Release;
		};
		B46E18792C6BB9260035CA74 /* Debug */ = {
			isa = XCBuildConfiguration;
			buildSettings = {
				ALWAYS_EMBED_SWIFT_STANDARD_LIBRARIES = YES;
				BUNDLE_LOADER = "$(TEST_HOST)";
				CODE_SIGN_STYLE = Automatic;
				CURRENT_PROJECT_VERSION = 1;
				DEVELOPMENT_TEAM = 4U7GZLK253;
				GENERATE_INFOPLIST_FILE = YES;
				IPHONEOS_DEPLOYMENT_TARGET = 17.2;
				MARKETING_VERSION = 1.0;
				PRODUCT_BUNDLE_IDENTIFIER = "lorenzopant.National-Park-ServiceTests";
				PRODUCT_NAME = "$(TARGET_NAME)";
				SWIFT_EMIT_LOC_STRINGS = NO;
				SWIFT_VERSION = 5.0;
				TARGETED_DEVICE_FAMILY = "1,2";
				TEST_HOST = "$(BUILT_PRODUCTS_DIR)/National Park Service.app/$(BUNDLE_EXECUTABLE_FOLDER_PATH)/National Park Service";
			};
			name = Debug;
		};
		B46E187A2C6BB9260035CA74 /* Release */ = {
			isa = XCBuildConfiguration;
			buildSettings = {
				ALWAYS_EMBED_SWIFT_STANDARD_LIBRARIES = YES;
				BUNDLE_LOADER = "$(TEST_HOST)";
				CODE_SIGN_STYLE = Automatic;
				CURRENT_PROJECT_VERSION = 1;
				DEVELOPMENT_TEAM = 4U7GZLK253;
				GENERATE_INFOPLIST_FILE = YES;
				IPHONEOS_DEPLOYMENT_TARGET = 17.2;
				MARKETING_VERSION = 1.0;
				PRODUCT_BUNDLE_IDENTIFIER = "lorenzopant.National-Park-ServiceTests";
				PRODUCT_NAME = "$(TARGET_NAME)";
				SWIFT_EMIT_LOC_STRINGS = NO;
				SWIFT_VERSION = 5.0;
				TARGETED_DEVICE_FAMILY = "1,2";
				TEST_HOST = "$(BUILT_PRODUCTS_DIR)/National Park Service.app/$(BUNDLE_EXECUTABLE_FOLDER_PATH)/National Park Service";
			};
			name = Release;
		};
		B46E187C2C6BB9260035CA74 /* Debug */ = {
			isa = XCBuildConfiguration;
			buildSettings = {
				ALWAYS_EMBED_SWIFT_STANDARD_LIBRARIES = YES;
				CODE_SIGN_STYLE = Automatic;
				CURRENT_PROJECT_VERSION = 1;
				DEVELOPMENT_TEAM = 4U7GZLK253;
				GENERATE_INFOPLIST_FILE = YES;
				MARKETING_VERSION = 1.0;
				PRODUCT_BUNDLE_IDENTIFIER = "lorenzopant.National-Park-ServiceUITests";
				PRODUCT_NAME = "$(TARGET_NAME)";
				SWIFT_EMIT_LOC_STRINGS = NO;
				SWIFT_VERSION = 5.0;
				TARGETED_DEVICE_FAMILY = "1,2";
				TEST_TARGET_NAME = "National Park Service";
			};
			name = Debug;
		};
		B46E187D2C6BB9260035CA74 /* Release */ = {
			isa = XCBuildConfiguration;
			buildSettings = {
				ALWAYS_EMBED_SWIFT_STANDARD_LIBRARIES = YES;
				CODE_SIGN_STYLE = Automatic;
				CURRENT_PROJECT_VERSION = 1;
				DEVELOPMENT_TEAM = 4U7GZLK253;
				GENERATE_INFOPLIST_FILE = YES;
				MARKETING_VERSION = 1.0;
				PRODUCT_BUNDLE_IDENTIFIER = "lorenzopant.National-Park-ServiceUITests";
				PRODUCT_NAME = "$(TARGET_NAME)";
				SWIFT_EMIT_LOC_STRINGS = NO;
				SWIFT_VERSION = 5.0;
				TARGETED_DEVICE_FAMILY = "1,2";
				TEST_TARGET_NAME = "National Park Service";
			};
			name = Release;
		};
/* End XCBuildConfiguration section */

/* Begin XCConfigurationList section */
		B46E184C2C6BB9250035CA74 /* Build configuration list for PBXProject "National Park Service" */ = {
			isa = XCConfigurationList;
			buildConfigurations = (
				B46E18732C6BB9260035CA74 /* Debug */,
				B46E18742C6BB9260035CA74 /* Release */,
			);
			defaultConfigurationIsVisible = 0;
			defaultConfigurationName = Release;
		};
		B46E18752C6BB9260035CA74 /* Build configuration list for PBXNativeTarget "National Park Service" */ = {
			isa = XCConfigurationList;
			buildConfigurations = (
				B46E18762C6BB9260035CA74 /* Debug */,
				B46E18772C6BB9260035CA74 /* Release */,
			);
			defaultConfigurationIsVisible = 0;
			defaultConfigurationName = Release;
		};
		B46E18782C6BB9260035CA74 /* Build configuration list for PBXNativeTarget "National Park ServiceTests" */ = {
			isa = XCConfigurationList;
			buildConfigurations = (
				B46E18792C6BB9260035CA74 /* Debug */,
				B46E187A2C6BB9260035CA74 /* Release */,
			);
			defaultConfigurationIsVisible = 0;
			defaultConfigurationName = Release;
		};
		B46E187B2C6BB9260035CA74 /* Build configuration list for PBXNativeTarget "National Park ServiceUITests" */ = {
			isa = XCConfigurationList;
			buildConfigurations = (
				B46E187C2C6BB9260035CA74 /* Debug */,
				B46E187D2C6BB9260035CA74 /* Release */,
			);
			defaultConfigurationIsVisible = 0;
			defaultConfigurationName = Release;
		};
/* End XCConfigurationList section */
	};
	rootObject = B46E18492C6BB9250035CA74 /* Project object */;
}
